// !$*UTF8*$!
{
	archiveVersion = 1;
	classes = {
	};
	objectVersion = 56;
	objects = {

/* Begin PBXBuildFile section */
		87F1D0462A35C414009C3792 /* AppDelegate.swift in Sources */ = {isa = PBXBuildFile; fileRef = 87F1D0452A35C414009C3792 /* AppDelegate.swift */; };
		87F1D0482A35C414009C3792 /* SceneDelegate.swift in Sources */ = {isa = PBXBuildFile; fileRef = 87F1D0472A35C414009C3792 /* SceneDelegate.swift */; };
		87F1D04A2A35C414009C3792 /* RMTabViewController.swift in Sources */ = {isa = PBXBuildFile; fileRef = 87F1D0492A35C414009C3792 /* RMTabViewController.swift */; };
		87F1D04F2A35C415009C3792 /* Assets.xcassets in Resources */ = {isa = PBXBuildFile; fileRef = 87F1D04E2A35C415009C3792 /* Assets.xcassets */; };
		87F1D0522A35C415009C3792 /* LaunchScreen.storyboard in Resources */ = {isa = PBXBuildFile; fileRef = 87F1D0502A35C415009C3792 /* LaunchScreen.storyboard */; };
		87F1D0612A35D2A6009C3792 /* RMLocation.swift in Sources */ = {isa = PBXBuildFile; fileRef = 87F1D0602A35D2A6009C3792 /* RMLocation.swift */; };
		87F1D0632A35D2B3009C3792 /* RMCharacter.swift in Sources */ = {isa = PBXBuildFile; fileRef = 87F1D0622A35D2B3009C3792 /* RMCharacter.swift */; };
		87F1D0652A35D2C6009C3792 /* RMEpisode.swift in Sources */ = {isa = PBXBuildFile; fileRef = 87F1D0642A35D2C6009C3792 /* RMEpisode.swift */; };
		87F1D0682A35D377009C3792 /* RMCharacterViewController.swift in Sources */ = {isa = PBXBuildFile; fileRef = 87F1D0672A35D377009C3792 /* RMCharacterViewController.swift */; };
		87F1D06A2A35D3B2009C3792 /* RMLocationViewController.swift in Sources */ = {isa = PBXBuildFile; fileRef = 87F1D0692A35D3B2009C3792 /* RMLocationViewController.swift */; };
		87F1D06C2A35D3BD009C3792 /* RMEpisodeViewController.swift in Sources */ = {isa = PBXBuildFile; fileRef = 87F1D06B2A35D3BD009C3792 /* RMEpisodeViewController.swift */; };
		87F1D06E2A35D3CD009C3792 /* RMSettingsViewController.swift in Sources */ = {isa = PBXBuildFile; fileRef = 87F1D06D2A35D3CD009C3792 /* RMSettingsViewController.swift */; };
/* End PBXBuildFile section */

/* Begin PBXFileReference section */
		87F1D0422A35C414009C3792 /* rickandmorty.app */ = {isa = PBXFileReference; explicitFileType = wrapper.application; includeInIndex = 0; path = rickandmorty.app; sourceTree = BUILT_PRODUCTS_DIR; };
		87F1D0452A35C414009C3792 /* AppDelegate.swift */ = {isa = PBXFileReference; lastKnownFileType = sourcecode.swift; path = AppDelegate.swift; sourceTree = "<group>"; };
		87F1D0472A35C414009C3792 /* SceneDelegate.swift */ = {isa = PBXFileReference; lastKnownFileType = sourcecode.swift; path = SceneDelegate.swift; sourceTree = "<group>"; };
		87F1D0492A35C414009C3792 /* RMTabViewController.swift */ = {isa = PBXFileReference; lastKnownFileType = sourcecode.swift; path = RMTabViewController.swift; sourceTree = "<group>"; };
		87F1D04E2A35C415009C3792 /* Assets.xcassets */ = {isa = PBXFileReference; lastKnownFileType = folder.assetcatalog; path = Assets.xcassets; sourceTree = "<group>"; };
		87F1D0512A35C415009C3792 /* Base */ = {isa = PBXFileReference; lastKnownFileType = file.storyboard; name = Base; path = Base.lproj/LaunchScreen.storyboard; sourceTree = "<group>"; };
		87F1D0532A35C415009C3792 /* Info.plist */ = {isa = PBXFileReference; lastKnownFileType = text.plist.xml; path = Info.plist; sourceTree = "<group>"; };
		87F1D0602A35D2A6009C3792 /* RMLocation.swift */ = {isa = PBXFileReference; lastKnownFileType = sourcecode.swift; path = RMLocation.swift; sourceTree = "<group>"; };
		87F1D0622A35D2B3009C3792 /* RMCharacter.swift */ = {isa = PBXFileReference; lastKnownFileType = sourcecode.swift; path = RMCharacter.swift; sourceTree = "<group>"; };
		87F1D0642A35D2C6009C3792 /* RMEpisode.swift */ = {isa = PBXFileReference; lastKnownFileType = sourcecode.swift; path = RMEpisode.swift; sourceTree = "<group>"; };
		87F1D0672A35D377009C3792 /* RMCharacterViewController.swift */ = {isa = PBXFileReference; lastKnownFileType = sourcecode.swift; path = RMCharacterViewController.swift; sourceTree = "<group>"; };
		87F1D0692A35D3B2009C3792 /* RMLocationViewController.swift */ = {isa = PBXFileReference; lastKnownFileType = sourcecode.swift; path = RMLocationViewController.swift; sourceTree = "<group>"; };
		87F1D06B2A35D3BD009C3792 /* RMEpisodeViewController.swift */ = {isa = PBXFileReference; lastKnownFileType = sourcecode.swift; path = RMEpisodeViewController.swift; sourceTree = "<group>"; };
		87F1D06D2A35D3CD009C3792 /* RMSettingsViewController.swift */ = {isa = PBXFileReference; lastKnownFileType = sourcecode.swift; path = RMSettingsViewController.swift; sourceTree = "<group>"; };
/* End PBXFileReference section */

/* Begin PBXFrameworksBuildPhase section */
		87F1D03F2A35C414009C3792 /* Frameworks */ = {
			isa = PBXFrameworksBuildPhase;
			buildActionMask = 2147483647;
			files = (
			);
			runOnlyForDeploymentPostprocessing = 0;
		};
/* End PBXFrameworksBuildPhase section */

/* Begin PBXGroup section */
		87F1D0392A35C414009C3792 = {
			isa = PBXGroup;
			children = (
				87F1D0442A35C414009C3792 /* rickandmorty */,
				87F1D0432A35C414009C3792 /* Products */,
			);
			sourceTree = "<group>";
		};
		87F1D0432A35C414009C3792 /* Products */ = {
			isa = PBXGroup;
			children = (
				87F1D0422A35C414009C3792 /* rickandmorty.app */,
			);
			name = Products;
			sourceTree = "<group>";
		};
		87F1D0442A35C414009C3792 /* rickandmorty */ = {
			isa = PBXGroup;
			children = (
				87F1D05F2A35C628009C3792 /* Resources */,
				87F1D05E2A35C617009C3792 /* ApiClient */,
				87F1D05D2A35C610009C3792 /* Managers */,
				87F1D05C2A35C607009C3792 /* Views */,
				87F1D05B2A35C5FF009C3792 /* ViewModels */,
				87F1D05A2A35C5F6009C3792 /* Models */,
				87F1D0592A35C5EB009C3792 /* Controllers */,
				87F1D0532A35C415009C3792 /* Info.plist */,
			);
			path = rickandmorty;
			sourceTree = "<group>";
		};
		87F1D0592A35C5EB009C3792 /* Controllers */ = {
			isa = PBXGroup;
			children = (
				87F1D0662A35D349009C3792 /* Core */,
			);
			path = Controllers;
			sourceTree = "<group>";
		};
		87F1D05A2A35C5F6009C3792 /* Models */ = {
			isa = PBXGroup;
			children = (
				87F1D0602A35D2A6009C3792 /* RMLocation.swift */,
				87F1D0622A35D2B3009C3792 /* RMCharacter.swift */,
				87F1D0642A35D2C6009C3792 /* RMEpisode.swift */,
			);
			path = Models;
			sourceTree = "<group>";
		};
		87F1D05B2A35C5FF009C3792 /* ViewModels */ = {
			isa = PBXGroup;
			children = (
			);
			path = ViewModels;
			sourceTree = "<group>";
		};
		87F1D05C2A35C607009C3792 /* Views */ = {
			isa = PBXGroup;
			children = (
			);
			path = Views;
			sourceTree = "<group>";
		};
		87F1D05D2A35C610009C3792 /* Managers */ = {
			isa = PBXGroup;
			children = (
			);
			path = Managers;
			sourceTree = "<group>";
		};
		87F1D05E2A35C617009C3792 /* ApiClient */ = {
			isa = PBXGroup;
			children = (
			);
			path = ApiClient;
			sourceTree = "<group>";
		};
		87F1D05F2A35C628009C3792 /* Resources */ = {
			isa = PBXGroup;
			children = (
				87F1D04E2A35C415009C3792 /* Assets.xcassets */,
				87F1D0452A35C414009C3792 /* AppDelegate.swift */,
				87F1D0472A35C414009C3792 /* SceneDelegate.swift */,
				87F1D0502A35C415009C3792 /* LaunchScreen.storyboard */,
			);
			path = Resources;
			sourceTree = "<group>";
		};
		87F1D0662A35D349009C3792 /* Core */ = {
			isa = PBXGroup;
			children = (
				87F1D0492A35C414009C3792 /* RMTabViewController.swift */,
				87F1D0672A35D377009C3792 /* RMCharacterViewController.swift */,
				87F1D0692A35D3B2009C3792 /* RMLocationViewController.swift */,
				87F1D06B2A35D3BD009C3792 /* RMEpisodeViewController.swift */,
				87F1D06D2A35D3CD009C3792 /* RMSettingsViewController.swift */,
			);
			path = Core;
			sourceTree = "<group>";
		};
/* End PBXGroup section */

/* Begin PBXNativeTarget section */
		87F1D0412A35C414009C3792 /* rickandmorty */ = {
			isa = PBXNativeTarget;
			buildConfigurationList = 87F1D0562A35C415009C3792 /* Build configuration list for PBXNativeTarget "rickandmorty" */;
			buildPhases = (
				87F1D03E2A35C414009C3792 /* Sources */,
				87F1D03F2A35C414009C3792 /* Frameworks */,
				87F1D0402A35C414009C3792 /* Resources */,
			);
			buildRules = (
			);
			dependencies = (
			);
			name = rickandmorty;
			productName = rickandmorty;
			productReference = 87F1D0422A35C414009C3792 /* rickandmorty.app */;
			productType = "com.apple.product-type.application";
		};
/* End PBXNativeTarget section */

/* Begin PBXProject section */
		87F1D03A2A35C414009C3792 /* Project object */ = {
			isa = PBXProject;
			attributes = {
				BuildIndependentTargetsInParallel = 1;
				LastSwiftUpdateCheck = 1430;
				LastUpgradeCheck = 1430;
				TargetAttributes = {
					87F1D0412A35C414009C3792 = {
						CreatedOnToolsVersion = 14.3.1;
					};
				};
			};
			buildConfigurationList = 87F1D03D2A35C414009C3792 /* Build configuration list for PBXProject "rickandmorty" */;
			compatibilityVersion = "Xcode 14.0";
			developmentRegion = en;
			hasScannedForEncodings = 0;
			knownRegions = (
				en,
				Base,
			);
			mainGroup = 87F1D0392A35C414009C3792;
			productRefGroup = 87F1D0432A35C414009C3792 /* Products */;
			projectDirPath = "";
			projectRoot = "";
			targets = (
				87F1D0412A35C414009C3792 /* rickandmorty */,
			);
		};
/* End PBXProject section */

/* Begin PBXResourcesBuildPhase section */
		87F1D0402A35C414009C3792 /* Resources */ = {
			isa = PBXResourcesBuildPhase;
			buildActionMask = 2147483647;
			files = (
				87F1D0522A35C415009C3792 /* LaunchScreen.storyboard in Resources */,
				87F1D04F2A35C415009C3792 /* Assets.xcassets in Resources */,
			);
			runOnlyForDeploymentPostprocessing = 0;
		};
/* End PBXResourcesBuildPhase section */

/* Begin PBXSourcesBuildPhase section */
		87F1D03E2A35C414009C3792 /* Sources */ = {
			isa = PBXSourcesBuildPhase;
			buildActionMask = 2147483647;
			files = (
				87F1D06A2A35D3B2009C3792 /* RMLocationViewController.swift in Sources */,
				87F1D0652A35D2C6009C3792 /* RMEpisode.swift in Sources */,
				87F1D04A2A35C414009C3792 /* RMTabViewController.swift in Sources */,
				87F1D06C2A35D3BD009C3792 /* RMEpisodeViewController.swift in Sources */,
				87F1D0462A35C414009C3792 /* AppDelegate.swift in Sources */,
				87F1D0482A35C414009C3792 /* SceneDelegate.swift in Sources */,
				87F1D06E2A35D3CD009C3792 /* RMSettingsViewController.swift in Sources */,
				87F1D0612A35D2A6009C3792 /* RMLocation.swift in Sources */,
				87F1D0632A35D2B3009C3792 /* RMCharacter.swift in Sources */,
				87F1D0682A35D377009C3792 /* RMCharacterViewController.swift in Sources */,
			);
			runOnlyForDeploymentPostprocessing = 0;
		};
/* End PBXSourcesBuildPhase section */

/* Begin PBXVariantGroup section */
		87F1D0502A35C415009C3792 /* LaunchScreen.storyboard */ = {
			isa = PBXVariantGroup;
			children = (
				87F1D0512A35C415009C3792 /* Base */,
			);
			name = LaunchScreen.storyboard;
			sourceTree = "<group>";
		};
/* End PBXVariantGroup section */

/* Begin XCBuildConfiguration section */
		87F1D0542A35C415009C3792 /* Debug */ = {
			isa = XCBuildConfiguration;
			buildSettings = {
				ALWAYS_SEARCH_USER_PATHS = NO;
				CLANG_ANALYZER_NONNULL = YES;
				CLANG_ANALYZER_NUMBER_OBJECT_CONVERSION = YES_AGGRESSIVE;
				CLANG_CXX_LANGUAGE_STANDARD = "gnu++20";
				CLANG_ENABLE_MODULES = YES;
				CLANG_ENABLE_OBJC_ARC = YES;
				CLANG_ENABLE_OBJC_WEAK = YES;
				CLANG_WARN_BLOCK_CAPTURE_AUTORELEASING = YES;
				CLANG_WARN_BOOL_CONVERSION = YES;
				CLANG_WARN_COMMA = YES;
				CLANG_WARN_CONSTANT_CONVERSION = YES;
				CLANG_WARN_DEPRECATED_OBJC_IMPLEMENTATIONS = YES;
				CLANG_WARN_DIRECT_OBJC_ISA_USAGE = YES_ERROR;
				CLANG_WARN_DOCUMENTATION_COMMENTS = YES;
				CLANG_WARN_EMPTY_BODY = YES;
				CLANG_WARN_ENUM_CONVERSION = YES;
				CLANG_WARN_INFINITE_RECURSION = YES;
				CLANG_WARN_INT_CONVERSION = YES;
				CLANG_WARN_NON_LITERAL_NULL_CONVERSION = YES;
				CLANG_WARN_OBJC_IMPLICIT_RETAIN_SELF = YES;
				CLANG_WARN_OBJC_LITERAL_CONVERSION = YES;
				CLANG_WARN_OBJC_ROOT_CLASS = YES_ERROR;
				CLANG_WARN_QUOTED_INCLUDE_IN_FRAMEWORK_HEADER = YES;
				CLANG_WARN_RANGE_LOOP_ANALYSIS = YES;
				CLANG_WARN_STRICT_PROTOTYPES = YES;
				CLANG_WARN_SUSPICIOUS_MOVE = YES;
				CLANG_WARN_UNGUARDED_AVAILABILITY = YES_AGGRESSIVE;
				CLANG_WARN_UNREACHABLE_CODE = YES;
				CLANG_WARN__DUPLICATE_METHOD_MATCH = YES;
				COPY_PHASE_STRIP = NO;
				DEBUG_INFORMATION_FORMAT = dwarf;
				ENABLE_STRICT_OBJC_MSGSEND = YES;
				ENABLE_TESTABILITY = YES;
				GCC_C_LANGUAGE_STANDARD = gnu11;
				GCC_DYNAMIC_NO_PIC = NO;
				GCC_NO_COMMON_BLOCKS = YES;
				GCC_OPTIMIZATION_LEVEL = 0;
				GCC_PREPROCESSOR_DEFINITIONS = (
					"DEBUG=1",
					"$(inherited)",
				);
				GCC_WARN_64_TO_32_BIT_CONVERSION = YES;
				GCC_WARN_ABOUT_RETURN_TYPE = YES_ERROR;
				GCC_WARN_UNDECLARED_SELECTOR = YES;
				GCC_WARN_UNINITIALIZED_AUTOS = YES_AGGRESSIVE;
				GCC_WARN_UNUSED_FUNCTION = YES;
				GCC_WARN_UNUSED_VARIABLE = YES;
				IPHONEOS_DEPLOYMENT_TARGET = 16.4;
				MTL_ENABLE_DEBUG_INFO = INCLUDE_SOURCE;
				MTL_FAST_MATH = YES;
				ONLY_ACTIVE_ARCH = YES;
				SDKROOT = iphoneos;
				SWIFT_ACTIVE_COMPILATION_CONDITIONS = DEBUG;
				SWIFT_OPTIMIZATION_LEVEL = "-Onone";
			};
			name = Debug;
		};
		87F1D0552A35C415009C3792 /* Release */ = {
			isa = XCBuildConfiguration;
			buildSettings = {
				ALWAYS_SEARCH_USER_PATHS = NO;
				CLANG_ANALYZER_NONNULL = YES;
				CLANG_ANALYZER_NUMBER_OBJECT_CONVERSION = YES_AGGRESSIVE;
				CLANG_CXX_LANGUAGE_STANDARD = "gnu++20";
				CLANG_ENABLE_MODULES = YES;
				CLANG_ENABLE_OBJC_ARC = YES;
				CLANG_ENABLE_OBJC_WEAK = YES;
				CLANG_WARN_BLOCK_CAPTURE_AUTORELEASING = YES;
				CLANG_WARN_BOOL_CONVERSION = YES;
				CLANG_WARN_COMMA = YES;
				CLANG_WARN_CONSTANT_CONVERSION = YES;
				CLANG_WARN_DEPRECATED_OBJC_IMPLEMENTATIONS = YES;
				CLANG_WARN_DIRECT_OBJC_ISA_USAGE = YES_ERROR;
				CLANG_WARN_DOCUMENTATION_COMMENTS = YES;
				CLANG_WARN_EMPTY_BODY = YES;
				CLANG_WARN_ENUM_CONVERSION = YES;
				CLANG_WARN_INFINITE_RECURSION = YES;
				CLANG_WARN_INT_CONVERSION = YES;
				CLANG_WARN_NON_LITERAL_NULL_CONVERSION = YES;
				CLANG_WARN_OBJC_IMPLICIT_RETAIN_SELF = YES;
				CLANG_WARN_OBJC_LITERAL_CONVERSION = YES;
				CLANG_WARN_OBJC_ROOT_CLASS = YES_ERROR;
				CLANG_WARN_QUOTED_INCLUDE_IN_FRAMEWORK_HEADER = YES;
				CLANG_WARN_RANGE_LOOP_ANALYSIS = YES;
				CLANG_WARN_STRICT_PROTOTYPES = YES;
				CLANG_WARN_SUSPICIOUS_MOVE = YES;
				CLANG_WARN_UNGUARDED_AVAILABILITY = YES_AGGRESSIVE;
				CLANG_WARN_UNREACHABLE_CODE = YES;
				CLANG_WARN__DUPLICATE_METHOD_MATCH = YES;
				COPY_PHASE_STRIP = NO;
				DEBUG_INFORMATION_FORMAT = "dwarf-with-dsym";
				ENABLE_NS_ASSERTIONS = NO;
				ENABLE_STRICT_OBJC_MSGSEND = YES;
				GCC_C_LANGUAGE_STANDARD = gnu11;
				GCC_NO_COMMON_BLOCKS = YES;
				GCC_WARN_64_TO_32_BIT_CONVERSION = YES;
				GCC_WARN_ABOUT_RETURN_TYPE = YES_ERROR;
				GCC_WARN_UNDECLARED_SELECTOR = YES;
				GCC_WARN_UNINITIALIZED_AUTOS = YES_AGGRESSIVE;
				GCC_WARN_UNUSED_FUNCTION = YES;
				GCC_WARN_UNUSED_VARIABLE = YES;
				IPHONEOS_DEPLOYMENT_TARGET = 16.4;
				MTL_ENABLE_DEBUG_INFO = NO;
				MTL_FAST_MATH = YES;
				SDKROOT = iphoneos;
				SWIFT_COMPILATION_MODE = wholemodule;
				SWIFT_OPTIMIZATION_LEVEL = "-O";
				VALIDATE_PRODUCT = YES;
			};
			name = Release;
		};
		87F1D0572A35C415009C3792 /* Debug */ = {
			isa = XCBuildConfiguration;
			buildSettings = {
				ASSETCATALOG_COMPILER_APPICON_NAME = AppIcon;
				ASSETCATALOG_COMPILER_GLOBAL_ACCENT_COLOR_NAME = AccentColor;
				CODE_SIGN_STYLE = Automatic;
				CURRENT_PROJECT_VERSION = 1;
				GENERATE_INFOPLIST_FILE = YES;
				INFOPLIST_FILE = rickandmorty/Info.plist;
				INFOPLIST_KEY_UIApplicationSupportsIndirectInputEvents = YES;
				INFOPLIST_KEY_UILaunchStoryboardName = LaunchScreen;
				INFOPLIST_KEY_UISupportedInterfaceOrientations_iPad = "UIInterfaceOrientationPortrait UIInterfaceOrientationPortraitUpsideDown UIInterfaceOrientationLandscapeLeft UIInterfaceOrientationLandscapeRight";
				INFOPLIST_KEY_UISupportedInterfaceOrientations_iPhone = "UIInterfaceOrientationPortrait UIInterfaceOrientationLandscapeLeft UIInterfaceOrientationLandscapeRight";
				LD_RUNPATH_SEARCH_PATHS = (
					"$(inherited)",
					"@executable_path/Frameworks",
				);
				MARKETING_VERSION = 1.0;
				PRODUCT_BUNDLE_IDENTIFIER = azzam.rickandmorty;
				PRODUCT_NAME = "$(TARGET_NAME)";
				SWIFT_EMIT_LOC_STRINGS = YES;
				SWIFT_VERSION = 5.0;
				TARGETED_DEVICE_FAMILY = "1,2";
			};
			name = Debug;
		};
		87F1D0582A35C415009C3792 /* Release */ = {
			isa = XCBuildConfiguration;
			buildSettings = {
				ASSETCATALOG_COMPILER_APPICON_NAME = AppIcon;
				ASSETCATALOG_COMPILER_GLOBAL_ACCENT_COLOR_NAME = AccentColor;
				CODE_SIGN_STYLE = Automatic;
				CURRENT_PROJECT_VERSION = 1;
				GENERATE_INFOPLIST_FILE = YES;
				INFOPLIST_FILE = rickandmorty/Info.plist;
				INFOPLIST_KEY_UIApplicationSupportsIndirectInputEvents = YES;
				INFOPLIST_KEY_UILaunchStoryboardName = LaunchScreen;
				INFOPLIST_KEY_UISupportedInterfaceOrientations_iPad = "UIInterfaceOrientationPortrait UIInterfaceOrientationPortraitUpsideDown UIInterfaceOrientationLandscapeLeft UIInterfaceOrientationLandscapeRight";
				INFOPLIST_KEY_UISupportedInterfaceOrientations_iPhone = "UIInterfaceOrientationPortrait UIInterfaceOrientationLandscapeLeft UIInterfaceOrientationLandscapeRight";
				LD_RUNPATH_SEARCH_PATHS = (
					"$(inherited)",
					"@executable_path/Frameworks",
				);
				MARKETING_VERSION = 1.0;
				PRODUCT_BUNDLE_IDENTIFIER = azzam.rickandmorty;
				PRODUCT_NAME = "$(TARGET_NAME)";
				SWIFT_EMIT_LOC_STRINGS = YES;
				SWIFT_VERSION = 5.0;
				TARGETED_DEVICE_FAMILY = "1,2";
			};
			name = Release;
		};
/* End XCBuildConfiguration section */

/* Begin XCConfigurationList section */
		87F1D03D2A35C414009C3792 /* Build configuration list for PBXProject "rickandmorty" */ = {
			isa = XCConfigurationList;
			buildConfigurations = (
				87F1D0542A35C415009C3792 /* Debug */,
				87F1D0552A35C415009C3792 /* Release */,
			);
			defaultConfigurationIsVisible = 0;
			defaultConfigurationName = Release;
		};
		87F1D0562A35C415009C3792 /* Build configuration list for PBXNativeTarget "rickandmorty" */ = {
			isa = XCConfigurationList;
			buildConfigurations = (
				87F1D0572A35C415009C3792 /* Debug */,
				87F1D0582A35C415009C3792 /* Release */,
			);
			defaultConfigurationIsVisible = 0;
			defaultConfigurationName = Release;
		};
/* End XCConfigurationList section */
	};
	rootObject = 87F1D03A2A35C414009C3792 /* Project object */;
}
